
Microsoft Visual Studio Solution File, Format Version 12.00
# Visual Studio Version 16
VisualStudioVersion = 16.0.28407.52
MinimumVisualStudioVersion = 10.0.40219.1
Project("{FAE04EC0-301F-11D3-BF4B-00C04F79EFBC}") = "NesDBsvc", "NesDBsvc.csproj", "{DCF743D3-D15A-49AE-8460-E7A270A6CAF2}"
EndProject
Global
	GlobalSection(SolutionConfigurationPlatforms) = preSolution
		Debug|Any CPU = Debug|Any CPU
		Release|Any CPU = Release|Any CPU
	EndGlobalSection
	GlobalSection(ProjectConfigurationPlatforms) = postSolution
		{DCF743D3-D15A-49AE-8460-E7A270A6CAF2}.Debug|Any CPU.ActiveCfg = Debug|Any CPU
		{DCF743D3-D15A-49AE-8460-E7A270A6CAF2}.Debug|Any CPU.Build.0 = Debug|Any CPU
		{DCF743D3-D15A-49AE-8460-E7A270A6CAF2}.Release|Any CPU.ActiveCfg = Release|Any CPU
		{DCF743D3-D15A-49AE-8460-E7A270A6CAF2}.Release|Any CPU.Build.0 = Release|Any CPU
	EndGlobalSection
	GlobalSection(SolutionProperties) = preSolution
		HideSolutionNode = FALSE
	EndGlobalSection
	GlobalSection(ExtensibilityGlobals) = postSolution
		SolutionGuid = {7EFE9109-4CC0-487D-9950-F68686C0EBF6}
	EndGlobalSection
EndGlobal
